
Microsoft Visual Studio Solution File, Format Version 12.00
# Visual Studio Version 16
VisualStudioVersion = 16.0.31105.61
MinimumVisualStudioVersion = 10.0.40219.1
Project("{FAE04EC0-301F-11D3-BF4B-00C04F79EFBC}") = "JsonDecimalFloatTailZero", "JsonDecimalFloatTailZero\JsonDecimalFloatTailZero.csproj", "{BF43AF6E-13DD-49D6-BA8A-C1BB6455393D}"
EndProject
Global
	GlobalSection(SolutionConfigurationPlatforms) = preSolution
		Debug|Any CPU = Debug|Any CPU
		Release|Any CPU = Release|Any CPU
	EndGlobalSection
	GlobalSection(ProjectConfigurationPlatforms) = postSolution
		{BF43AF6E-13DD-49D6-BA8A-C1BB6455393D}.Debug|Any CPU.ActiveCfg = Debug|Any CPU
		{BF43AF6E-13DD-49D6-BA8A-C1BB6455393D}.Debug|Any CPU.Build.0 = Debug|Any CPU
		{BF43AF6E-13DD-49D6-BA8A-C1BB6455393D}.Release|Any CPU.ActiveCfg = Release|Any CPU
		{BF43AF6E-13DD-49D6-BA8A-C1BB6455393D}.Release|Any CPU.Build.0 = Release|Any CPU
	EndGlobalSection
	GlobalSection(SolutionProperties) = preSolution
		HideSolutionNode = FALSE
	EndGlobalSection
	GlobalSection(ExtensibilityGlobals) = postSolution
		SolutionGuid = {4421EF17-D1C5-4CA9-8143-A2EB83A29EE4}
	EndGlobalSection
EndGlobal
